
Microsoft Visual Studio Solution File, Format Version 12.00
# Visual Studio 14
VisualStudioVersion = 14.0.25420.1
MinimumVisualStudioVersion = 10.0.40219.1
Project("{FAE04EC0-301F-11D3-BF4B-00C04F79EFBC}") = "CallTheBus", "CallTheBus\CallTheBus\CallTheBus.csproj", "{7AC8302F-23E7-4BF2-8DA3-4EA84EAC60B5}"
EndProject
Project("{FAE04EC0-301F-11D3-BF4B-00C04F79EFBC}") = "CallTheBus.Droid", "CallTheBus\CallTheBus.Droid\CallTheBus.Droid.csproj", "{A2C9FBED-16B4-4110-BBFD-C4C43BDFC5DD}"
EndProject
Project("{FAE04EC0-301F-11D3-BF4B-00C04F79EFBC}") = "CallTheBus.iOS", "CallTheBus\CallTheBus.iOS\CallTheBus.iOS.csproj", "{F7E24CBA-16A5-429A-B799-5BDA19122681}"
EndProject
Project("{FAE04EC0-301F-11D3-BF4B-00C04F79EFBC}") = "CallTheBus.UWP", "CallTheBus\CallTheBus.UWP\CallTheBus.UWP.csproj", "{EF99329E-64D6-49B8-993D-92D9BF860E6C}"
EndProject
Project("{FAE04EC0-301F-11D3-BF4B-00C04F79EFBC}") = "CallTheBus.Tests", "CallTheBus.Tests\CallTheBus.Tests.csproj", "{67F9D3A8-F71E-4428-913F-C37AE82CDB24}"
EndProject
Project("{FAE04EC0-301F-11D3-BF4B-00C04F79EFBC}") = "CallTheBus.Tests.AndroidRunner", "CallTheBus.Tests.AndroidRunner\CallTheBus.Tests.AndroidRunner.csproj", "{C34EB986-73FC-4B8E-A094-12A238B3DEAD}"
EndProject
Global
	GlobalSection(SolutionConfigurationPlatforms) = preSolution
		Ad-Hoc|Any CPU = Ad-Hoc|Any CPU
		Ad-Hoc|ARM = Ad-Hoc|ARM
		Ad-Hoc|iPhone = Ad-Hoc|iPhone
		Ad-Hoc|iPhoneSimulator = Ad-Hoc|iPhoneSimulator
		Ad-Hoc|x64 = Ad-Hoc|x64
		Ad-Hoc|x86 = Ad-Hoc|x86
		AppStore|Any CPU = AppStore|Any CPU
		AppStore|ARM = AppStore|ARM
		AppStore|iPhone = AppStore|iPhone
		AppStore|iPhoneSimulator = AppStore|iPhoneSimulator
		AppStore|x64 = AppStore|x64
		AppStore|x86 = AppStore|x86
		Debug|Any CPU = Debug|Any CPU
		Debug|ARM = Debug|ARM
		Debug|iPhone = Debug|iPhone
		Debug|iPhoneSimulator = Debug|iPhoneSimulator
		Debug|x64 = Debug|x64
		Debug|x86 = Debug|x86
		Release|Any CPU = Release|Any CPU
		Release|ARM = Release|ARM
		Release|iPhone = Release|iPhone
		Release|iPhoneSimulator = Release|iPhoneSimulator
		Release|x64 = Release|x64
		Release|x86 = Release|x86
	EndGlobalSection
	GlobalSection(ProjectConfigurationPlatforms) = postSolution
		{7AC8302F-23E7-4BF2-8DA3-4EA84EAC60B5}.Ad-Hoc|Any CPU.ActiveCfg = Release|Any CPU
		{7AC8302F-23E7-4BF2-8DA3-4EA84EAC60B5}.Ad-Hoc|Any CPU.Build.0 = Release|Any CPU
		{7AC8302F-23E7-4BF2-8DA3-4EA84EAC60B5}.Ad-Hoc|ARM.ActiveCfg = Release|Any CPU
		{7AC8302F-23E7-4BF2-8DA3-4EA84EAC60B5}.Ad-Hoc|ARM.Build.0 = Release|Any CPU
		{7AC8302F-23E7-4BF2-8DA3-4EA84EAC60B5}.Ad-Hoc|iPhone.ActiveCfg = Release|Any CPU
		{7AC8302F-23E7-4BF2-8DA3-4EA84EAC60B5}.Ad-Hoc|iPhone.Build.0 = Release|Any CPU
		{7AC8302F-23E7-4BF2-8DA3-4EA84EAC60B5}.Ad-Hoc|iPhoneSimulator.ActiveCfg = Release|Any CPU
		{7AC8302F-23E7-4BF2-8DA3-4EA84EAC60B5}.Ad-Hoc|iPhoneSimulator.Build.0 = Release|Any CPU
		{7AC8302F-23E7-4BF2-8DA3-4EA84EAC60B5}.Ad-Hoc|x64.ActiveCfg = Release|Any CPU
		{7AC8302F-23E7-4BF2-8DA3-4EA84EAC60B5}.Ad-Hoc|x64.Build.0 = Release|Any CPU
		{7AC8302F-23E7-4BF2-8DA3-4EA84EAC60B5}.Ad-Hoc|x86.ActiveCfg = Release|Any CPU
		{7AC8302F-23E7-4BF2-8DA3-4EA84EAC60B5}.Ad-Hoc|x86.Build.0 = Release|Any CPU
		{7AC8302F-23E7-4BF2-8DA3-4EA84EAC60B5}.AppStore|Any CPU.ActiveCfg = Release|Any CPU
		{7AC8302F-23E7-4BF2-8DA3-4EA84EAC60B5}.AppStore|Any CPU.Build.0 = Release|Any CPU
		{7AC8302F-23E7-4BF2-8DA3-4EA84EAC60B5}.AppStore|ARM.ActiveCfg = Release|Any CPU
		{7AC8302F-23E7-4BF2-8DA3-4EA84EAC60B5}.AppStore|ARM.Build.0 = Release|Any CPU
		{7AC8302F-23E7-4BF2-8DA3-4EA84EAC60B5}.AppStore|iPhone.ActiveCfg = Release|Any CPU
		{7AC8302F-23E7-4BF2-8DA3-4EA84EAC60B5}.AppStore|iPhone.Build.0 = Release|Any CPU
		{7AC8302F-23E7-4BF2-8DA3-4EA84EAC60B5}.AppStore|iPhoneSimulator.ActiveCfg = Release|Any CPU
		{7AC8302F-23E7-4BF2-8DA3-4EA84EAC60B5}.AppStore|iPhoneSimulator.Build.0 = Release|Any CPU
		{7AC8302F-23E7-4BF2-8DA3-4EA84EAC60B5}.AppStore|x64.ActiveCfg = Release|Any CPU
		{7AC8302F-23E7-4BF2-8DA3-4EA84EAC60B5}.AppStore|x64.Build.0 = Release|Any CPU
		{7AC8302F-23E7-4BF2-8DA3-4EA84EAC60B5}.AppStore|x86.ActiveCfg = Release|Any CPU
		{7AC8302F-23E7-4BF2-8DA3-4EA84EAC60B5}.AppStore|x86.Build.0 = Release|Any CPU
		{7AC8302F-23E7-4BF2-8DA3-4EA84EAC60B5}.Debug|Any CPU.ActiveCfg = Debug|Any CPU
		{7AC8302F-23E7-4BF2-8DA3-4EA84EAC60B5}.Debug|Any CPU.Build.0 = Debug|Any CPU
		{7AC8302F-23E7-4BF2-8DA3-4EA84EAC60B5}.Debug|ARM.ActiveCfg = Debug|Any CPU
		{7AC8302F-23E7-4BF2-8DA3-4EA84EAC60B5}.Debug|ARM.Build.0 = Debug|Any CPU
		{7AC8302F-23E7-4BF2-8DA3-4EA84EAC60B5}.Debug|iPhone.ActiveCfg = Debug|Any CPU
		{7AC8302F-23E7-4BF2-8DA3-4EA84EAC60B5}.Debug|iPhone.Build.0 = Debug|Any CPU
		{7AC8302F-23E7-4BF2-8DA3-4EA84EAC60B5}.Debug|iPhoneSimulator.ActiveCfg = Debug|Any CPU
		{7AC8302F-23E7-4BF2-8DA3-4EA84EAC60B5}.Debug|iPhoneSimulator.Build.0 = Debug|Any CPU
		{7AC8302F-23E7-4BF2-8DA3-4EA84EAC60B5}.Debug|x64.ActiveCfg = Debug|Any CPU
		{7AC8302F-23E7-4BF2-8DA3-4EA84EAC60B5}.Debug|x64.Build.0 = Debug|Any CPU
		{7AC8302F-23E7-4BF2-8DA3-4EA84EAC60B5}.Debug|x86.ActiveCfg = Debug|Any CPU
		{7AC8302F-23E7-4BF2-8DA3-4EA84EAC60B5}.Debug|x86.Build.0 = Debug|Any CPU
		{7AC8302F-23E7-4BF2-8DA3-4EA84EAC60B5}.Release|Any CPU.ActiveCfg = Release|Any CPU
		{7AC8302F-23E7-4BF2-8DA3-4EA84EAC60B5}.Release|Any CPU.Build.0 = Release|Any CPU
		{7AC8302F-23E7-4BF2-8DA3-4EA84EAC60B5}.Release|ARM.ActiveCfg = Release|Any CPU
		{7AC8302F-23E7-4BF2-8DA3-4EA84EAC60B5}.Release|ARM.Build.0 = Release|Any CPU
		{7AC8302F-23E7-4BF2-8DA3-4EA84EAC60B5}.Release|iPhone.ActiveCfg = Release|Any CPU
		{7AC8302F-23E7-4BF2-8DA3-4EA84EAC60B5}.Release|iPhone.Build.0 = Release|Any CPU
		{7AC8302F-23E7-4BF2-8DA3-4EA84EAC60B5}.Release|iPhoneSimulator.ActiveCfg = Release|Any CPU
		{7AC8302F-23E7-4BF2-8DA3-4EA84EAC60B5}.Release|iPhoneSimulator.Build.0 = Release|Any CPU
		{7AC8302F-23E7-4BF2-8DA3-4EA84EAC60B5}.Release|x64.ActiveCfg = Release|Any CPU
		{7AC8302F-23E7-4BF2-8DA3-4EA84EAC60B5}.Release|x64.Build.0 = Release|Any CPU
		{7AC8302F-23E7-4BF2-8DA3-4EA84EAC60B5}.Release|x86.ActiveCfg = Release|Any CPU
		{7AC8302F-23E7-4BF2-8DA3-4EA84EAC60B5}.Release|x86.Build.0 = Release|Any CPU
		{A2C9FBED-16B4-4110-BBFD-C4C43BDFC5DD}.Ad-Hoc|Any CPU.ActiveCfg = Release|Any CPU
		{A2C9FBED-16B4-4110-BBFD-C4C43BDFC5DD}.Ad-Hoc|Any CPU.Build.0 = Release|Any CPU
		{A2C9FBED-16B4-4110-BBFD-C4C43BDFC5DD}.Ad-Hoc|Any CPU.Deploy.0 = Release|Any CPU
		{A2C9FBED-16B4-4110-BBFD-C4C43BDFC5DD}.Ad-Hoc|ARM.ActiveCfg = Release|Any CPU
		{A2C9FBED-16B4-4110-BBFD-C4C43BDFC5DD}.Ad-Hoc|ARM.Build.0 = Release|Any CPU
		{A2C9FBED-16B4-4110-BBFD-C4C43BDFC5DD}.Ad-Hoc|ARM.Deploy.0 = Release|Any CPU
		{A2C9FBED-16B4-4110-BBFD-C4C43BDFC5DD}.Ad-Hoc|iPhone.ActiveCfg = Release|Any CPU
		{A2C9FBED-16B4-4110-BBFD-C4C43BDFC5DD}.Ad-Hoc|iPhone.Build.0 = Release|Any CPU
		{A2C9FBED-16B4-4110-BBFD-C4C43BDFC5DD}.Ad-Hoc|iPhone.Deploy.0 = Release|Any CPU
		{A2C9FBED-16B4-4110-BBFD-C4C43BDFC5DD}.Ad-Hoc|iPhoneSimulator.ActiveCfg = Release|Any CPU
		{A2C9FBED-16B4-4110-BBFD-C4C43BDFC5DD}.Ad-Hoc|iPhoneSimulator.Build.0 = Release|Any CPU
		{A2C9FBED-16B4-4110-BBFD-C4C43BDFC5DD}.Ad-Hoc|iPhoneSimulator.Deploy.0 = Release|Any CPU
		{A2C9FBED-16B4-4110-BBFD-C4C43BDFC5DD}.Ad-Hoc|x64.ActiveCfg = Release|Any CPU
		{A2C9FBED-16B4-4110-BBFD-C4C43BDFC5DD}.Ad-Hoc|x64.Build.0 = Release|Any CPU
		{A2C9FBED-16B4-4110-BBFD-C4C43BDFC5DD}.Ad-Hoc|x64.Deploy.0 = Release|Any CPU
		{A2C9FBED-16B4-4110-BBFD-C4C43BDFC5DD}.Ad-Hoc|x86.ActiveCfg = Release|Any CPU
		{A2C9FBED-16B4-4110-BBFD-C4C43BDFC5DD}.Ad-Hoc|x86.Build.0 = Release|Any CPU
		{A2C9FBED-16B4-4110-BBFD-C4C43BDFC5DD}.Ad-Hoc|x86.Deploy.0 = Release|Any CPU
		{A2C9FBED-16B4-4110-BBFD-C4C43BDFC5DD}.AppStore|Any CPU.ActiveCfg = Release|Any CPU
		{A2C9FBED-16B4-4110-BBFD-C4C43BDFC5DD}.AppStore|Any CPU.Build.0 = Release|Any CPU
		{A2C9FBED-16B4-4110-BBFD-C4C43BDFC5DD}.AppStore|Any CPU.Deploy.0 = Release|Any CPU
		{A2C9FBED-16B4-4110-BBFD-C4C43BDFC5DD}.AppStore|ARM.ActiveCfg = Release|Any CPU
		{A2C9FBED-16B4-4110-BBFD-C4C43BDFC5DD}.AppStore|ARM.Build.0 = Release|Any CPU
		{A2C9FBED-16B4-4110-BBFD-C4C43BDFC5DD}.AppStore|ARM.Deploy.0 = Release|Any CPU
		{A2C9FBED-16B4-4110-BBFD-C4C43BDFC5DD}.AppStore|iPhone.ActiveCfg = Release|Any CPU
		{A2C9FBED-16B4-4110-BBFD-C4C43BDFC5DD}.AppStore|iPhone.Build.0 = Release|Any CPU
		{A2C9FBED-16B4-4110-BBFD-C4C43BDFC5DD}.AppStore|iPhone.Deploy.0 = Release|Any CPU
		{A2C9FBED-16B4-4110-BBFD-C4C43BDFC5DD}.AppStore|iPhoneSimulator.ActiveCfg = Release|Any CPU
		{A2C9FBED-16B4-4110-BBFD-C4C43BDFC5DD}.AppStore|iPhoneSimulator.Build.0 = Release|Any CPU
		{A2C9FBED-16B4-4110-BBFD-C4C43BDFC5DD}.AppStore|iPhoneSimulator.Deploy.0 = Release|Any CPU
		{A2C9FBED-16B4-4110-BBFD-C4C43BDFC5DD}.AppStore|x64.ActiveCfg = Release|Any CPU
		{A2C9FBED-16B4-4110-BBFD-C4C43BDFC5DD}.AppStore|x64.Build.0 = Release|Any CPU
		{A2C9FBED-16B4-4110-BBFD-C4C43BDFC5DD}.AppStore|x64.Deploy.0 = Release|Any CPU
		{A2C9FBED-16B4-4110-BBFD-C4C43BDFC5DD}.AppStore|x86.ActiveCfg = Release|Any CPU
		{A2C9FBED-16B4-4110-BBFD-C4C43BDFC5DD}.AppStore|x86.Build.0 = Release|Any CPU
		{A2C9FBED-16B4-4110-BBFD-C4C43BDFC5DD}.AppStore|x86.Deploy.0 = Release|Any CPU
		{A2C9FBED-16B4-4110-BBFD-C4C43BDFC5DD}.Debug|Any CPU.ActiveCfg = Debug|Any CPU
		{A2C9FBED-16B4-4110-BBFD-C4C43BDFC5DD}.Debug|Any CPU.Build.0 = Debug|Any CPU
		{A2C9FBED-16B4-4110-BBFD-C4C43BDFC5DD}.Debug|Any CPU.Deploy.0 = Debug|Any CPU
		{A2C9FBED-16B4-4110-BBFD-C4C43BDFC5DD}.Debug|ARM.ActiveCfg = Debug|Any CPU
		{A2C9FBED-16B4-4110-BBFD-C4C43BDFC5DD}.Debug|ARM.Build.0 = Debug|Any CPU
		{A2C9FBED-16B4-4110-BBFD-C4C43BDFC5DD}.Debug|ARM.Deploy.0 = Debug|Any CPU
		{A2C9FBED-16B4-4110-BBFD-C4C43BDFC5DD}.Debug|iPhone.ActiveCfg = Debug|Any CPU
		{A2C9FBED-16B4-4110-BBFD-C4C43BDFC5DD}.Debug|iPhone.Build.0 = Debug|Any CPU
		{A2C9FBED-16B4-4110-BBFD-C4C43BDFC5DD}.Debug|iPhone.Deploy.0 = Debug|Any CPU
		{A2C9FBED-16B4-4110-BBFD-C4C43BDFC5DD}.Debug|iPhoneSimulator.ActiveCfg = Debug|Any CPU
		{A2C9FBED-16B4-4110-BBFD-C4C43BDFC5DD}.Debug|iPhoneSimulator.Build.0 = Debug|Any CPU
		{A2C9FBED-16B4-4110-BBFD-C4C43BDFC5DD}.Debug|iPhoneSimulator.Deploy.0 = Debug|Any CPU
		{A2C9FBED-16B4-4110-BBFD-C4C43BDFC5DD}.Debug|x64.ActiveCfg = Debug|Any CPU
		{A2C9FBED-16B4-4110-BBFD-C4C43BDFC5DD}.Debug|x64.Build.0 = Debug|Any CPU
		{A2C9FBED-16B4-4110-BBFD-C4C43BDFC5DD}.Debug|x64.Deploy.0 = Debug|Any CPU
		{A2C9FBED-16B4-4110-BBFD-C4C43BDFC5DD}.Debug|x86.ActiveCfg = Debug|Any CPU
		{A2C9FBED-16B4-4110-BBFD-C4C43BDFC5DD}.Debug|x86.Build.0 = Debug|Any CPU
		{A2C9FBED-16B4-4110-BBFD-C4C43BDFC5DD}.Debug|x86.Deploy.0 = Debug|Any CPU
		{A2C9FBED-16B4-4110-BBFD-C4C43BDFC5DD}.Release|Any CPU.ActiveCfg = Release|Any CPU
		{A2C9FBED-16B4-4110-BBFD-C4C43BDFC5DD}.Release|Any CPU.Build.0 = Release|Any CPU
		{A2C9FBED-16B4-4110-BBFD-C4C43BDFC5DD}.Release|Any CPU.Deploy.0 = Release|Any CPU
		{A2C9FBED-16B4-4110-BBFD-C4C43BDFC5DD}.Release|ARM.ActiveCfg = Release|Any CPU
		{A2C9FBED-16B4-4110-BBFD-C4C43BDFC5DD}.Release|ARM.Build.0 = Release|Any CPU
		{A2C9FBED-16B4-4110-BBFD-C4C43BDFC5DD}.Release|ARM.Deploy.0 = Release|Any CPU
		{A2C9FBED-16B4-4110-BBFD-C4C43BDFC5DD}.Release|iPhone.ActiveCfg = Release|Any CPU
		{A2C9FBED-16B4-4110-BBFD-C4C43BDFC5DD}.Release|iPhone.Build.0 = Release|Any CPU
		{A2C9FBED-16B4-4110-BBFD-C4C43BDFC5DD}.Release|iPhone.Deploy.0 = Release|Any CPU
		{A2C9FBED-16B4-4110-BBFD-C4C43BDFC5DD}.Release|iPhoneSimulator.ActiveCfg = Release|Any CPU
		{A2C9FBED-16B4-4110-BBFD-C4C43BDFC5DD}.Release|iPhoneSimulator.Build.0 = Release|Any CPU
		{A2C9FBED-16B4-4110-BBFD-C4C43BDFC5DD}.Release|iPhoneSimulator.Deploy.0 = Release|Any CPU
		{A2C9FBED-16B4-4110-BBFD-C4C43BDFC5DD}.Release|x64.ActiveCfg = Release|Any CPU
		{A2C9FBED-16B4-4110-BBFD-C4C43BDFC5DD}.Release|x64.Build.0 = Release|Any CPU
		{A2C9FBED-16B4-4110-BBFD-C4C43BDFC5DD}.Release|x64.Deploy.0 = Release|Any CPU
		{A2C9FBED-16B4-4110-BBFD-C4C43BDFC5DD}.Release|x86.ActiveCfg = Release|Any CPU
		{A2C9FBED-16B4-4110-BBFD-C4C43BDFC5DD}.Release|x86.Build.0 = Release|Any CPU
		{A2C9FBED-16B4-4110-BBFD-C4C43BDFC5DD}.Release|x86.Deploy.0 = Release|Any CPU
		{F7E24CBA-16A5-429A-B799-5BDA19122681}.Ad-Hoc|Any CPU.ActiveCfg = Ad-Hoc|iPhone
		{F7E24CBA-16A5-429A-B799-5BDA19122681}.Ad-Hoc|ARM.ActiveCfg = Ad-Hoc|iPhone
		{F7E24CBA-16A5-429A-B799-5BDA19122681}.Ad-Hoc|iPhone.ActiveCfg = Ad-Hoc|iPhone
		{F7E24CBA-16A5-429A-B799-5BDA19122681}.Ad-Hoc|iPhone.Build.0 = Ad-Hoc|iPhone
		{F7E24CBA-16A5-429A-B799-5BDA19122681}.Ad-Hoc|iPhoneSimulator.ActiveCfg = Ad-Hoc|iPhoneSimulator
		{F7E24CBA-16A5-429A-B799-5BDA19122681}.Ad-Hoc|iPhoneSimulator.Build.0 = Ad-Hoc|iPhoneSimulator
		{F7E24CBA-16A5-429A-B799-5BDA19122681}.Ad-Hoc|x64.ActiveCfg = Ad-Hoc|iPhone
		{F7E24CBA-16A5-429A-B799-5BDA19122681}.Ad-Hoc|x86.ActiveCfg = Ad-Hoc|iPhone
		{F7E24CBA-16A5-429A-B799-5BDA19122681}.AppStore|Any CPU.ActiveCfg = AppStore|iPhone
		{F7E24CBA-16A5-429A-B799-5BDA19122681}.AppStore|ARM.ActiveCfg = AppStore|iPhone
		{F7E24CBA-16A5-429A-B799-5BDA19122681}.AppStore|iPhone.ActiveCfg = AppStore|iPhone
		{F7E24CBA-16A5-429A-B799-5BDA19122681}.AppStore|iPhone.Build.0 = AppStore|iPhone
		{F7E24CBA-16A5-429A-B799-5BDA19122681}.AppStore|iPhoneSimulator.ActiveCfg = AppStore|iPhoneSimulator
		{F7E24CBA-16A5-429A-B799-5BDA19122681}.AppStore|iPhoneSimulator.Build.0 = AppStore|iPhoneSimulator
		{F7E24CBA-16A5-429A-B799-5BDA19122681}.AppStore|x64.ActiveCfg = AppStore|iPhone
		{F7E24CBA-16A5-429A-B799-5BDA19122681}.AppStore|x86.ActiveCfg = AppStore|iPhone
		{F7E24CBA-16A5-429A-B799-5BDA19122681}.Debug|Any CPU.ActiveCfg = Debug|iPhone
		{F7E24CBA-16A5-429A-B799-5BDA19122681}.Debug|ARM.ActiveCfg = Debug|iPhone
		{F7E24CBA-16A5-429A-B799-5BDA19122681}.Debug|iPhone.ActiveCfg = Debug|iPhone
		{F7E24CBA-16A5-429A-B799-5BDA19122681}.Debug|iPhone.Build.0 = Debug|iPhone
		{F7E24CBA-16A5-429A-B799-5BDA19122681}.Debug|iPhoneSimulator.ActiveCfg = Debug|iPhoneSimulator
		{F7E24CBA-16A5-429A-B799-5BDA19122681}.Debug|iPhoneSimulator.Build.0 = Debug|iPhoneSimulator
		{F7E24CBA-16A5-429A-B799-5BDA19122681}.Debug|x64.ActiveCfg = Debug|iPhone
		{F7E24CBA-16A5-429A-B799-5BDA19122681}.Debug|x86.ActiveCfg = Debug|iPhone
		{F7E24CBA-16A5-429A-B799-5BDA19122681}.Release|Any CPU.ActiveCfg = Release|iPhone
		{F7E24CBA-16A5-429A-B799-5BDA19122681}.Release|ARM.ActiveCfg = Release|iPhone
		{F7E24CBA-16A5-429A-B799-5BDA19122681}.Release|iPhone.ActiveCfg = Release|iPhone
		{F7E24CBA-16A5-429A-B799-5BDA19122681}.Release|iPhone.Build.0 = Release|iPhone
		{F7E24CBA-16A5-429A-B799-5BDA19122681}.Release|iPhoneSimulator.ActiveCfg = Release|iPhoneSimulator
		{F7E24CBA-16A5-429A-B799-5BDA19122681}.Release|iPhoneSimulator.Build.0 = Release|iPhoneSimulator
		{F7E24CBA-16A5-429A-B799-5BDA19122681}.Release|x64.ActiveCfg = Release|iPhone
		{F7E24CBA-16A5-429A-B799-5BDA19122681}.Release|x86.ActiveCfg = Release|iPhone
		{EF99329E-64D6-49B8-993D-92D9BF860E6C}.Ad-Hoc|Any CPU.ActiveCfg = Release|x86
		{EF99329E-64D6-49B8-993D-92D9BF860E6C}.Ad-Hoc|Any CPU.Build.0 = Release|x86
		{EF99329E-64D6-49B8-993D-92D9BF860E6C}.Ad-Hoc|Any CPU.Deploy.0 = Release|x86
		{EF99329E-64D6-49B8-993D-92D9BF860E6C}.Ad-Hoc|ARM.ActiveCfg = Release|ARM
		{EF99329E-64D6-49B8-993D-92D9BF860E6C}.Ad-Hoc|ARM.Build.0 = Release|ARM
		{EF99329E-64D6-49B8-993D-92D9BF860E6C}.Ad-Hoc|ARM.Deploy.0 = Release|ARM
		{EF99329E-64D6-49B8-993D-92D9BF860E6C}.Ad-Hoc|iPhone.ActiveCfg = Release|x86
		{EF99329E-64D6-49B8-993D-92D9BF860E6C}.Ad-Hoc|iPhone.Build.0 = Release|x86
		{EF99329E-64D6-49B8-993D-92D9BF860E6C}.Ad-Hoc|iPhone.Deploy.0 = Release|x86
		{EF99329E-64D6-49B8-993D-92D9BF860E6C}.Ad-Hoc|iPhoneSimulator.ActiveCfg = Release|x86
		{EF99329E-64D6-49B8-993D-92D9BF860E6C}.Ad-Hoc|iPhoneSimulator.Build.0 = Release|x86
		{EF99329E-64D6-49B8-993D-92D9BF860E6C}.Ad-Hoc|iPhoneSimulator.Deploy.0 = Release|x86
		{EF99329E-64D6-49B8-993D-92D9BF860E6C}.Ad-Hoc|x64.ActiveCfg = Release|x64
		{EF99329E-64D6-49B8-993D-92D9BF860E6C}.Ad-Hoc|x64.Build.0 = Release|x64
		{EF99329E-64D6-49B8-993D-92D9BF860E6C}.Ad-Hoc|x64.Deploy.0 = Release|x64
		{EF99329E-64D6-49B8-993D-92D9BF860E6C}.Ad-Hoc|x86.ActiveCfg = Release|x86
		{EF99329E-64D6-49B8-993D-92D9BF860E6C}.Ad-Hoc|x86.Build.0 = Release|x86
		{EF99329E-64D6-49B8-993D-92D9BF860E6C}.Ad-Hoc|x86.Deploy.0 = Release|x86
		{EF99329E-64D6-49B8-993D-92D9BF860E6C}.AppStore|Any CPU.ActiveCfg = Release|x86
		{EF99329E-64D6-49B8-993D-92D9BF860E6C}.AppStore|Any CPU.Build.0 = Release|x86
		{EF99329E-64D6-49B8-993D-92D9BF860E6C}.AppStore|Any CPU.Deploy.0 = Release|x86
		{EF99329E-64D6-49B8-993D-92D9BF860E6C}.AppStore|ARM.ActiveCfg = Release|ARM
		{EF99329E-64D6-49B8-993D-92D9BF860E6C}.AppStore|ARM.Build.0 = Release|ARM
		{EF99329E-64D6-49B8-993D-92D9BF860E6C}.AppStore|ARM.Deploy.0 = Release|ARM
		{EF99329E-64D6-49B8-993D-92D9BF860E6C}.AppStore|iPhone.ActiveCfg = Release|x86
		{EF99329E-64D6-49B8-993D-92D9BF860E6C}.AppStore|iPhone.Build.0 = Release|x86
		{EF99329E-64D6-49B8-993D-92D9BF860E6C}.AppStore|iPhone.Deploy.0 = Release|x86
		{EF99329E-64D6-49B8-993D-92D9BF860E6C}.AppStore|iPhoneSimulator.ActiveCfg = Release|x86
		{EF99329E-64D6-49B8-993D-92D9BF860E6C}.AppStore|iPhoneSimulator.Build.0 = Release|x86
		{EF99329E-64D6-49B8-993D-92D9BF860E6C}.AppStore|iPhoneSimulator.Deploy.0 = Release|x86
		{EF99329E-64D6-49B8-993D-92D9BF860E6C}.AppStore|x64.ActiveCfg = Release|x64
		{EF99329E-64D6-49B8-993D-92D9BF860E6C}.AppStore|x64.Build.0 = Release|x64
		{EF99329E-64D6-49B8-993D-92D9BF860E6C}.AppStore|x64.Deploy.0 = Release|x64
		{EF99329E-64D6-49B8-993D-92D9BF860E6C}.AppStore|x86.ActiveCfg = Release|x86
		{EF99329E-64D6-49B8-993D-92D9BF860E6C}.AppStore|x86.Build.0 = Release|x86
		{EF99329E-64D6-49B8-993D-92D9BF860E6C}.AppStore|x86.Deploy.0 = Release|x86
		{EF99329E-64D6-49B8-993D-92D9BF860E6C}.Debug|Any CPU.ActiveCfg = Debug|x86
		{EF99329E-64D6-49B8-993D-92D9BF860E6C}.Debug|ARM.ActiveCfg = Debug|ARM
		{EF99329E-64D6-49B8-993D-92D9BF860E6C}.Debug|ARM.Build.0 = Debug|ARM
		{EF99329E-64D6-49B8-993D-92D9BF860E6C}.Debug|ARM.Deploy.0 = Debug|ARM
		{EF99329E-64D6-49B8-993D-92D9BF860E6C}.Debug|iPhone.ActiveCfg = Debug|x86
		{EF99329E-64D6-49B8-993D-92D9BF860E6C}.Debug|iPhoneSimulator.ActiveCfg = Debug|x86
		{EF99329E-64D6-49B8-993D-92D9BF860E6C}.Debug|x64.ActiveCfg = Debug|x64
		{EF99329E-64D6-49B8-993D-92D9BF860E6C}.Debug|x64.Build.0 = Debug|x64
		{EF99329E-64D6-49B8-993D-92D9BF860E6C}.Debug|x64.Deploy.0 = Debug|x64
		{EF99329E-64D6-49B8-993D-92D9BF860E6C}.Debug|x86.ActiveCfg = Debug|x86
		{EF99329E-64D6-49B8-993D-92D9BF860E6C}.Debug|x86.Build.0 = Debug|x86
		{EF99329E-64D6-49B8-993D-92D9BF860E6C}.Debug|x86.Deploy.0 = Debug|x86
		{EF99329E-64D6-49B8-993D-92D9BF860E6C}.Release|Any CPU.ActiveCfg = Release|x86
		{EF99329E-64D6-49B8-993D-92D9BF860E6C}.Release|ARM.ActiveCfg = Release|ARM
		{EF99329E-64D6-49B8-993D-92D9BF860E6C}.Release|ARM.Build.0 = Release|ARM
		{EF99329E-64D6-49B8-993D-92D9BF860E6C}.Release|ARM.Deploy.0 = Release|ARM
		{EF99329E-64D6-49B8-993D-92D9BF860E6C}.Release|iPhone.ActiveCfg = Release|x86
		{EF99329E-64D6-49B8-993D-92D9BF860E6C}.Release|iPhoneSimulator.ActiveCfg = Release|x86
		{EF99329E-64D6-49B8-993D-92D9BF860E6C}.Release|x64.ActiveCfg = Release|x64
		{EF99329E-64D6-49B8-993D-92D9BF860E6C}.Release|x64.Build.0 = Release|x64
		{EF99329E-64D6-49B8-993D-92D9BF860E6C}.Release|x64.Deploy.0 = Release|x64
		{EF99329E-64D6-49B8-993D-92D9BF860E6C}.Release|x86.ActiveCfg = Release|x86
		{EF99329E-64D6-49B8-993D-92D9BF860E6C}.Release|x86.Build.0 = Release|x86
		{EF99329E-64D6-49B8-993D-92D9BF860E6C}.Release|x86.Deploy.0 = Release|x86
		{67F9D3A8-F71E-4428-913F-C37AE82CDB24}.Ad-Hoc|Any CPU.ActiveCfg = Release|Any CPU
		{67F9D3A8-F71E-4428-913F-C37AE82CDB24}.Ad-Hoc|Any CPU.Build.0 = Release|Any CPU
		{67F9D3A8-F71E-4428-913F-C37AE82CDB24}.Ad-Hoc|ARM.ActiveCfg = Release|Any CPU
		{67F9D3A8-F71E-4428-913F-C37AE82CDB24}.Ad-Hoc|ARM.Build.0 = Release|Any CPU
		{67F9D3A8-F71E-4428-913F-C37AE82CDB24}.Ad-Hoc|iPhone.ActiveCfg = Release|Any CPU
		{67F9D3A8-F71E-4428-913F-C37AE82CDB24}.Ad-Hoc|iPhone.Build.0 = Release|Any CPU
		{67F9D3A8-F71E-4428-913F-C37AE82CDB24}.Ad-Hoc|iPhoneSimulator.ActiveCfg = Release|Any CPU
		{67F9D3A8-F71E-4428-913F-C37AE82CDB24}.Ad-Hoc|iPhoneSimulator.Build.0 = Release|Any CPU
		{67F9D3A8-F71E-4428-913F-C37AE82CDB24}.Ad-Hoc|x64.ActiveCfg = Release|Any CPU
		{67F9D3A8-F71E-4428-913F-C37AE82CDB24}.Ad-Hoc|x64.Build.0 = Release|Any CPU
		{67F9D3A8-F71E-4428-913F-C37AE82CDB24}.Ad-Hoc|x86.ActiveCfg = Release|Any CPU
		{67F9D3A8-F71E-4428-913F-C37AE82CDB24}.Ad-Hoc|x86.Build.0 = Release|Any CPU
		{67F9D3A8-F71E-4428-913F-C37AE82CDB24}.AppStore|Any CPU.ActiveCfg = Release|Any CPU
		{67F9D3A8-F71E-4428-913F-C37AE82CDB24}.AppStore|Any CPU.Build.0 = Release|Any CPU
		{67F9D3A8-F71E-4428-913F-C37AE82CDB24}.AppStore|ARM.ActiveCfg = Release|Any CPU
		{67F9D3A8-F71E-4428-913F-C37AE82CDB24}.AppStore|ARM.Build.0 = Release|Any CPU
		{67F9D3A8-F71E-4428-913F-C37AE82CDB24}.AppStore|iPhone.ActiveCfg = Release|Any CPU
		{67F9D3A8-F71E-4428-913F-C37AE82CDB24}.AppStore|iPhone.Build.0 = Release|Any CPU
		{67F9D3A8-F71E-4428-913F-C37AE82CDB24}.AppStore|iPhoneSimulator.ActiveCfg = Release|Any CPU
		{67F9D3A8-F71E-4428-913F-C37AE82CDB24}.AppStore|iPhoneSimulator.Build.0 = Release|Any CPU
		{67F9D3A8-F71E-4428-913F-C37AE82CDB24}.AppStore|x64.ActiveCfg = Release|Any CPU
		{67F9D3A8-F71E-4428-913F-C37AE82CDB24}.AppStore|x64.Build.0 = Release|Any CPU
		{67F9D3A8-F71E-4428-913F-C37AE82CDB24}.AppStore|x86.ActiveCfg = Release|Any CPU
		{67F9D3A8-F71E-4428-913F-C37AE82CDB24}.AppStore|x86.Build.0 = Release|Any CPU
		{67F9D3A8-F71E-4428-913F-C37AE82CDB24}.Debug|Any CPU.ActiveCfg = Debug|Any CPU
		{67F9D3A8-F71E-4428-913F-C37AE82CDB24}.Debug|Any CPU.Build.0 = Debug|Any CPU
		{67F9D3A8-F71E-4428-913F-C37AE82CDB24}.Debug|ARM.ActiveCfg = Debug|Any CPU
		{67F9D3A8-F71E-4428-913F-C37AE82CDB24}.Debug|ARM.Build.0 = Debug|Any CPU
		{67F9D3A8-F71E-4428-913F-C37AE82CDB24}.Debug|iPhone.ActiveCfg = Debug|Any CPU
		{67F9D3A8-F71E-4428-913F-C37AE82CDB24}.Debug|iPhone.Build.0 = Debug|Any CPU
		{67F9D3A8-F71E-4428-913F-C37AE82CDB24}.Debug|iPhoneSimulator.ActiveCfg = Debug|Any CPU
		{67F9D3A8-F71E-4428-913F-C37AE82CDB24}.Debug|iPhoneSimulator.Build.0 = Debug|Any CPU
		{67F9D3A8-F71E-4428-913F-C37AE82CDB24}.Debug|x64.ActiveCfg = Debug|Any CPU
		{67F9D3A8-F71E-4428-913F-C37AE82CDB24}.Debug|x64.Build.0 = Debug|Any CPU
		{67F9D3A8-F71E-4428-913F-C37AE82CDB24}.Debug|x86.ActiveCfg = Debug|Any CPU
		{67F9D3A8-F71E-4428-913F-C37AE82CDB24}.Debug|x86.Build.0 = Debug|Any CPU
		{67F9D3A8-F71E-4428-913F-C37AE82CDB24}.Release|Any CPU.ActiveCfg = Release|Any CPU
		{67F9D3A8-F71E-4428-913F-C37AE82CDB24}.Release|Any CPU.Build.0 = Release|Any CPU
		{67F9D3A8-F71E-4428-913F-C37AE82CDB24}.Release|ARM.ActiveCfg = Release|Any CPU
		{67F9D3A8-F71E-4428-913F-C37AE82CDB24}.Release|ARM.Build.0 = Release|Any CPU
		{67F9D3A8-F71E-4428-913F-C37AE82CDB24}.Release|iPhone.ActiveCfg = Release|Any CPU
		{67F9D3A8-F71E-4428-913F-C37AE82CDB24}.Release|iPhone.Build.0 = Release|Any CPU
		{67F9D3A8-F71E-4428-913F-C37AE82CDB24}.Release|iPhoneSimulator.ActiveCfg = Release|Any CPU
		{67F9D3A8-F71E-4428-913F-C37AE82CDB24}.Release|iPhoneSimulator.Build.0 = Release|Any CPU
		{67F9D3A8-F71E-4428-913F-C37AE82CDB24}.Release|x64.ActiveCfg = Release|Any CPU
		{67F9D3A8-F71E-4428-913F-C37AE82CDB24}.Release|x64.Build.0 = Release|Any CPU
		{67F9D3A8-F71E-4428-913F-C37AE82CDB24}.Release|x86.ActiveCfg = Release|Any CPU
		{67F9D3A8-F71E-4428-913F-C37AE82CDB24}.Release|x86.Build.0 = Release|Any CPU
		{C34EB986-73FC-4B8E-A094-12A238B3DEAD}.Ad-Hoc|Any CPU.ActiveCfg = Release|Any CPU
		{C34EB986-73FC-4B8E-A094-12A238B3DEAD}.Ad-Hoc|Any CPU.Build.0 = Release|Any CPU
		{C34EB986-73FC-4B8E-A094-12A238B3DEAD}.Ad-Hoc|Any CPU.Deploy.0 = Release|Any CPU
		{C34EB986-73FC-4B8E-A094-12A238B3DEAD}.Ad-Hoc|ARM.ActiveCfg = Release|Any CPU
		{C34EB986-73FC-4B8E-A094-12A238B3DEAD}.Ad-Hoc|ARM.Build.0 = Release|Any CPU
		{C34EB986-73FC-4B8E-A094-12A238B3DEAD}.Ad-Hoc|ARM.Deploy.0 = Release|Any CPU
		{C34EB986-73FC-4B8E-A094-12A238B3DEAD}.Ad-Hoc|iPhone.ActiveCfg = Release|Any CPU
		{C34EB986-73FC-4B8E-A094-12A238B3DEAD}.Ad-Hoc|iPhone.Build.0 = Release|Any CPU
		{C34EB986-73FC-4B8E-A094-12A238B3DEAD}.Ad-Hoc|iPhone.Deploy.0 = Release|Any CPU
		{C34EB986-73FC-4B8E-A094-12A238B3DEAD}.Ad-Hoc|iPhoneSimulator.ActiveCfg = Release|Any CPU
		{C34EB986-73FC-4B8E-A094-12A238B3DEAD}.Ad-Hoc|iPhoneSimulator.Build.0 = Release|Any CPU
		{C34EB986-73FC-4B8E-A094-12A238B3DEAD}.Ad-Hoc|iPhoneSimulator.Deploy.0 = Release|Any CPU
		{C34EB986-73FC-4B8E-A094-12A238B3DEAD}.Ad-Hoc|x64.ActiveCfg = Release|Any CPU
		{C34EB986-73FC-4B8E-A094-12A238B3DEAD}.Ad-Hoc|x64.Build.0 = Release|Any CPU
		{C34EB986-73FC-4B8E-A094-12A238B3DEAD}.Ad-Hoc|x64.Deploy.0 = Release|Any CPU
		{C34EB986-73FC-4B8E-A094-12A238B3DEAD}.Ad-Hoc|x86.ActiveCfg = Release|Any CPU
		{C34EB986-73FC-4B8E-A094-12A238B3DEAD}.Ad-Hoc|x86.Build.0 = Release|Any CPU
		{C34EB986-73FC-4B8E-A094-12A238B3DEAD}.Ad-Hoc|x86.Deploy.0 = Release|Any CPU
		{C34EB986-73FC-4B8E-A094-12A238B3DEAD}.AppStore|Any CPU.ActiveCfg = Release|Any CPU
		{C34EB986-73FC-4B8E-A094-12A238B3DEAD}.AppStore|Any CPU.Build.0 = Release|Any CPU
		{C34EB986-73FC-4B8E-A094-12A238B3DEAD}.AppStore|Any CPU.Deploy.0 = Release|Any CPU
		{C34EB986-73FC-4B8E-A094-12A238B3DEAD}.AppStore|ARM.ActiveCfg = Release|Any CPU
		{C34EB986-73FC-4B8E-A094-12A238B3DEAD}.AppStore|ARM.Build.0 = Release|Any CPU
		{C34EB986-73FC-4B8E-A094-12A238B3DEAD}.AppStore|ARM.Deploy.0 = Release|Any CPU
		{C34EB986-73FC-4B8E-A094-12A238B3DEAD}.AppStore|iPhone.ActiveCfg = Release|Any CPU
		{C34EB986-73FC-4B8E-A094-12A238B3DEAD}.AppStore|iPhone.Build.0 = Release|Any CPU
		{C34EB986-73FC-4B8E-A094-12A238B3DEAD}.AppStore|iPhone.Deploy.0 = Release|Any CPU
		{C34EB986-73FC-4B8E-A094-12A238B3DEAD}.AppStore|iPhoneSimulator.ActiveCfg = Release|Any CPU
		{C34EB986-73FC-4B8E-A094-12A238B3DEAD}.AppStore|iPhoneSimulator.Build.0 = Release|Any CPU
		{C34EB986-73FC-4B8E-A094-12A238B3DEAD}.AppStore|iPhoneSimulator.Deploy.0 = Release|Any CPU
		{C34EB986-73FC-4B8E-A094-12A238B3DEAD}.AppStore|x64.ActiveCfg = Release|Any CPU
		{C34EB986-73FC-4B8E-A094-12A238B3DEAD}.AppStore|x64.Build.0 = Release|Any CPU
		{C34EB986-73FC-4B8E-A094-12A238B3DEAD}.AppStore|x64.Deploy.0 = Release|Any CPU
		{C34EB986-73FC-4B8E-A094-12A238B3DEAD}.AppStore|x86.ActiveCfg = Release|Any CPU
		{C34EB986-73FC-4B8E-A094-12A238B3DEAD}.AppStore|x86.Build.0 = Release|Any CPU
		{C34EB986-73FC-4B8E-A094-12A238B3DEAD}.AppStore|x86.Deploy.0 = Release|Any CPU
		{C34EB986-73FC-4B8E-A094-12A238B3DEAD}.Debug|Any CPU.ActiveCfg = Debug|Any CPU
		{C34EB986-73FC-4B8E-A094-12A238B3DEAD}.Debug|Any CPU.Build.0 = Debug|Any CPU
		{C34EB986-73FC-4B8E-A094-12A238B3DEAD}.Debug|Any CPU.Deploy.0 = Debug|Any CPU
		{C34EB986-73FC-4B8E-A094-12A238B3DEAD}.Debug|ARM.ActiveCfg = Debug|Any CPU
		{C34EB986-73FC-4B8E-A094-12A238B3DEAD}.Debug|ARM.Build.0 = Debug|Any CPU
		{C34EB986-73FC-4B8E-A094-12A238B3DEAD}.Debug|ARM.Deploy.0 = Debug|Any CPU
		{C34EB986-73FC-4B8E-A094-12A238B3DEAD}.Debug|iPhone.ActiveCfg = Debug|Any CPU
		{C34EB986-73FC-4B8E-A094-12A238B3DEAD}.Debug|iPhone.Build.0 = Debug|Any CPU
		{C34EB986-73FC-4B8E-A094-12A238B3DEAD}.Debug|iPhone.Deploy.0 = Debug|Any CPU
		{C34EB986-73FC-4B8E-A094-12A238B3DEAD}.Debug|iPhoneSimulator.ActiveCfg = Debug|Any CPU
		{C34EB986-73FC-4B8E-A094-12A238B3DEAD}.Debug|iPhoneSimulator.Build.0 = Debug|Any CPU
		{C34EB986-73FC-4B8E-A094-12A238B3DEAD}.Debug|iPhoneSimulator.Deploy.0 = Debug|Any CPU
		{C34EB986-73FC-4B8E-A094-12A238B3DEAD}.Debug|x64.ActiveCfg = Debug|Any CPU
		{C34EB986-73FC-4B8E-A094-12A238B3DEAD}.Debug|x64.Build.0 = Debug|Any CPU
		{C34EB986-73FC-4B8E-A094-12A238B3DEAD}.Debug|x64.Deploy.0 = Debug|Any CPU
		{C34EB986-73FC-4B8E-A094-12A238B3DEAD}.Debug|x86.ActiveCfg = Debug|Any CPU
		{C34EB986-73FC-4B8E-A094-12A238B3DEAD}.Debug|x86.Build.0 = Debug|Any CPU
		{C34EB986-73FC-4B8E-A094-12A238B3DEAD}.Debug|x86.Deploy.0 = Debug|Any CPU
		{C34EB986-73FC-4B8E-A094-12A238B3DEAD}.Release|Any CPU.ActiveCfg = Release|Any CPU
		{C34EB986-73FC-4B8E-A094-12A238B3DEAD}.Release|Any CPU.Build.0 = Release|Any CPU
		{C34EB986-73FC-4B8E-A094-12A238B3DEAD}.Release|Any CPU.Deploy.0 = Release|Any CPU
		{C34EB986-73FC-4B8E-A094-12A238B3DEAD}.Release|ARM.ActiveCfg = Release|Any CPU
		{C34EB986-73FC-4B8E-A094-12A238B3DEAD}.Release|ARM.Build.0 = Release|Any CPU
		{C34EB986-73FC-4B8E-A094-12A238B3DEAD}.Release|ARM.Deploy.0 = Release|Any CPU
		{C34EB986-73FC-4B8E-A094-12A238B3DEAD}.Release|iPhone.ActiveCfg = Release|Any CPU
		{C34EB986-73FC-4B8E-A094-12A238B3DEAD}.Release|iPhone.Build.0 = Release|Any CPU
		{C34EB986-73FC-4B8E-A094-12A238B3DEAD}.Release|iPhone.Deploy.0 = Release|Any CPU
		{C34EB986-73FC-4B8E-A094-12A238B3DEAD}.Release|iPhoneSimulator.ActiveCfg = Release|Any CPU
		{C34EB986-73FC-4B8E-A094-12A238B3DEAD}.Release|iPhoneSimulator.Build.0 = Release|Any CPU
		{C34EB986-73FC-4B8E-A094-12A238B3DEAD}.Release|iPhoneSimulator.Deploy.0 = Release|Any CPU
		{C34EB986-73FC-4B8E-A094-12A238B3DEAD}.Release|x64.ActiveCfg = Release|Any CPU
		{C34EB986-73FC-4B8E-A094-12A238B3DEAD}.Release|x64.Build.0 = Release|Any CPU
		{C34EB986-73FC-4B8E-A094-12A238B3DEAD}.Release|x64.Deploy.0 = Release|Any CPU
		{C34EB986-73FC-4B8E-A094-12A238B3DEAD}.Release|x86.ActiveCfg = Release|Any CPU
		{C34EB986-73FC-4B8E-A094-12A238B3DEAD}.Release|x86.Build.0 = Release|Any CPU
		{C34EB986-73FC-4B8E-A094-12A238B3DEAD}.Release|x86.Deploy.0 = Release|Any CPU
	EndGlobalSection
	GlobalSection(SolutionProperties) = preSolution
		HideSolutionNode = FALSE
	EndGlobalSection
EndGlobal
